
Microsoft Visual Studio Solution File, Format Version 12.00
# Visual Studio 2015
Project("{FAE04EC0-301F-11D3-BF4B-00C04F79EFBC}") = "GravityGuise.CSharp.Plugins", "GravityGuise.CSharp.Plugins.csproj", "{86EF08FC-B519-8B8F-19FE-ABCF3C5B0505}"
EndProject
Project("{FAE04EC0-301F-11D3-BF4B-00C04F79EFBC}") = "GravityGuise.CSharp.Editor", "GravityGuise.CSharp.Editor.csproj", "{9204BFCD-09B1-CDB4-4384-614151659869}"
EndProject
Global
	GlobalSection(SolutionConfigurationPlatforms) = preSolution
		Debug|Any CPU = Debug|Any CPU
		Release|Any CPU = Release|Any CPU
	EndGlobalSection
	GlobalSection(ProjectConfigurationPlatforms) = postSolution
		{86EF08FC-B519-8B8F-19FE-ABCF3C5B0505}.Debug|Any CPU.ActiveCfg = Debug|Any CPU
		{86EF08FC-B519-8B8F-19FE-ABCF3C5B0505}.Debug|Any CPU.Build.0 = Debug|Any CPU
		{86EF08FC-B519-8B8F-19FE-ABCF3C5B0505}.Release|Any CPU.ActiveCfg = Release|Any CPU
		{86EF08FC-B519-8B8F-19FE-ABCF3C5B0505}.Release|Any CPU.Build.0 = Release|Any CPU
		{9204BFCD-09B1-CDB4-4384-614151659869}.Debug|Any CPU.ActiveCfg = Debug|Any CPU
		{9204BFCD-09B1-CDB4-4384-614151659869}.Debug|Any CPU.Build.0 = Debug|Any CPU
		{9204BFCD-09B1-CDB4-4384-614151659869}.Release|Any CPU.ActiveCfg = Release|Any CPU
		{9204BFCD-09B1-CDB4-4384-614151659869}.Release|Any CPU.Build.0 = Release|Any CPU
	EndGlobalSection
	GlobalSection(SolutionProperties) = preSolution
		HideSolutionNode = FALSE
	EndGlobalSection
EndGlobal
